
Microsoft Visual Studio Solution File, Format Version 12.00
Project("{2150E333-8FDC-42A3-9474-1A3956D46DE8}") = "Solution", "Solution", "{7876A502-7D4D-4A4A-A880-9DB2AC9A2BAC}"
	ProjectSection(SolutionItems) = preProject
		Instructions.txt = Instructions.txt
		.github\workflows\BuildAndTest.yaml = .github\workflows\BuildAndTest.yaml
	EndProjectSection
EndProject
Project("{FAE04EC0-301F-11D3-BF4B-00C04F79EFBC}") = "Testing", "Testing\Testing.csproj", "{FF692B86-81E0-4B68-BFE5-59E4A4592208}"
EndProject
Project("{FAE04EC0-301F-11D3-BF4B-00C04F79EFBC}") = "Application", "Application\Application.csproj", "{73D7528A-277C-404F-8169-D087EB698464}"
EndProject
Project("{FAE04EC0-301F-11D3-BF4B-00C04F79EFBC}") = "FunctionalProgrammingKit", "FunctionalProgrammingKit\FunctionalProgrammingKit.csproj", "{330EF65D-67A9-40F8-B7A4-F7BAC18A0E31}"
EndProject
Project("{FAE04EC0-301F-11D3-BF4B-00C04F79EFBC}") = "Domain", "Domain\Domain.csproj", "{7A2E5DFA-D969-44D5-AC0B-F30B3EFE4ECA}"
EndProject
Project("{FAE04EC0-301F-11D3-BF4B-00C04F79EFBC}") = "Common", "Common\Common.csproj", "{A7A32295-ED71-45FF-BBA8-86DF92CA714F}"
EndProject
Global
	GlobalSection(SolutionConfigurationPlatforms) = preSolution
		Debug|Any CPU = Debug|Any CPU
		Release|Any CPU = Release|Any CPU
	EndGlobalSection
	GlobalSection(ProjectConfigurationPlatforms) = postSolution
		{FF692B86-81E0-4B68-BFE5-59E4A4592208}.Debug|Any CPU.ActiveCfg = Debug|Any CPU
		{FF692B86-81E0-4B68-BFE5-59E4A4592208}.Debug|Any CPU.Build.0 = Debug|Any CPU
		{FF692B86-81E0-4B68-BFE5-59E4A4592208}.Release|Any CPU.ActiveCfg = Release|Any CPU
		{FF692B86-81E0-4B68-BFE5-59E4A4592208}.Release|Any CPU.Build.0 = Release|Any CPU
		{73D7528A-277C-404F-8169-D087EB698464}.Debug|Any CPU.ActiveCfg = Debug|Any CPU
		{73D7528A-277C-404F-8169-D087EB698464}.Debug|Any CPU.Build.0 = Debug|Any CPU
		{73D7528A-277C-404F-8169-D087EB698464}.Release|Any CPU.ActiveCfg = Release|Any CPU
		{73D7528A-277C-404F-8169-D087EB698464}.Release|Any CPU.Build.0 = Release|Any CPU
		{330EF65D-67A9-40F8-B7A4-F7BAC18A0E31}.Debug|Any CPU.ActiveCfg = Debug|Any CPU
		{330EF65D-67A9-40F8-B7A4-F7BAC18A0E31}.Debug|Any CPU.Build.0 = Debug|Any CPU
		{330EF65D-67A9-40F8-B7A4-F7BAC18A0E31}.Release|Any CPU.ActiveCfg = Release|Any CPU
		{330EF65D-67A9-40F8-B7A4-F7BAC18A0E31}.Release|Any CPU.Build.0 = Release|Any CPU
		{7A2E5DFA-D969-44D5-AC0B-F30B3EFE4ECA}.Debug|Any CPU.ActiveCfg = Debug|Any CPU
		{7A2E5DFA-D969-44D5-AC0B-F30B3EFE4ECA}.Debug|Any CPU.Build.0 = Debug|Any CPU
		{7A2E5DFA-D969-44D5-AC0B-F30B3EFE4ECA}.Release|Any CPU.ActiveCfg = Release|Any CPU
		{7A2E5DFA-D969-44D5-AC0B-F30B3EFE4ECA}.Release|Any CPU.Build.0 = Release|Any CPU
		{A7A32295-ED71-45FF-BBA8-86DF92CA714F}.Debug|Any CPU.ActiveCfg = Debug|Any CPU
		{A7A32295-ED71-45FF-BBA8-86DF92CA714F}.Debug|Any CPU.Build.0 = Debug|Any CPU
		{A7A32295-ED71-45FF-BBA8-86DF92CA714F}.Release|Any CPU.ActiveCfg = Release|Any CPU
		{A7A32295-ED71-45FF-BBA8-86DF92CA714F}.Release|Any CPU.Build.0 = Release|Any CPU
	EndGlobalSection
EndGlobal
